{
	"name": "lite-ts",
	"version": "0.1.44",
	"lockfileVersion": 1,
	"requires": true,
	"dependencies": {
		"@types/bcryptjs": {
			"version": "2.4.2",
			"resolved": "https://registry.npm.taobao.org/@types/bcryptjs/download/@types/bcryptjs-2.4.2.tgz",
			"integrity": "sha1-41MOrJ3RNr/fsOQ98sTFzh93364=",
			"dev": true
		},
		"@types/bson": {
			"version": "4.0.3",
			"resolved": "https://registry.npm.taobao.org/@types/bson/download/@types/bson-4.0.3.tgz?cache=0&sync_timestamp=1613378303280&other_urls=https%3A%2F%2Fregistry.npm.taobao.org%2F%40types%2Fbson%2Fdownload%2F%40types%2Fbson-4.0.3.tgz",
			"integrity": "sha1-MIidL/3mJiq744ZZNkxjFFSZn78=",
			"dev": true,
			"requires": {
				"@types/node": "*"
			}
		},
		"@types/ioredis": {
			"version": "4.19.4",
			"resolved": "https://registry.npm.taobao.org/@types/ioredis/download/@types/ioredis-4.19.4.tgz",
			"integrity": "sha1-gfva4eCr6DzumDK1Hka7aSBwww0=",
			"dev": true,
			"requires": {
				"@types/node": "*"
			}
		},
		"@types/mocha": {
			"version": "8.2.1",
			"resolved": "https://registry.npm.taobao.org/@types/mocha/download/@types/mocha-8.2.1.tgz?cache=0&sync_timestamp=1613579844731&other_urls=https%3A%2F%2Fregistry.npm.taobao.org%2F%40types%2Fmocha%2Fdownload%2F%40types%2Fmocha-8.2.1.tgz",
			"integrity": "sha1-8/OuRZDFOG/HxUOq6beNTPMP/uk=",
			"dev": true
		},
		"@types/mongodb": {
			"version": "3.6.7",
			"resolved": "https://registry.npm.taobao.org/@types/mongodb/download/@types/mongodb-3.6.7.tgz",
			"integrity": "sha1-sVMAJUCDvExrCQNsyqp10vnG41w=",
			"dev": true,
			"requires": {
				"@types/bson": "*",
				"@types/node": "*"
			}
		},
		"@types/node": {
			"version": "14.14.31",
			"resolved": "https://registry.npm.taobao.org/@types/node/download/@types/node-14.14.31.tgz?cache=0&sync_timestamp=1613757896289&other_urls=https%3A%2F%2Fregistry.npm.taobao.org%2F%40types%2Fnode%2Fdownload%2F%40types%2Fnode-14.14.31.tgz",
			"integrity": "sha1-cihr0z0TeqDRUtR+x8F2JWPTQFU=",
			"dev": true
		},
		"@types/validator": {
			"version": "13.1.3",
			"resolved": "https://registry.npm.taobao.org/@types/validator/download/@types/validator-13.1.3.tgz",
			"integrity": "sha1-Nms5SqP77tI5K/CiDe1gb6Sj014="
		},
		"arg": {
			"version": "4.1.3",
			"resolved": "https://registry.npm.taobao.org/arg/download/arg-4.1.3.tgz",
			"integrity": "sha1-Jp/HrVuOQstjyJbVZmAXJhwUQIk=",
			"dev": true
		},
		"bcryptjs": {
			"version": "2.4.3",
			"resolved": "https://registry.npm.taobao.org/bcryptjs/download/bcryptjs-2.4.3.tgz",
			"integrity": "sha1-mrVie5PmBiH/fNrF2pczAn3x0Ms="
		},
		"bl": {
			"version": "2.2.1",
			"resolved": "https://registry.npm.taobao.org/bl/download/bl-2.2.1.tgz?cache=0&sync_timestamp=1612867177492&other_urls=https%3A%2F%2Fregistry.npm.taobao.org%2Fbl%2Fdownload%2Fbl-2.2.1.tgz",
			"integrity": "sha1-jBGntzBlXF1WiYzchxIk9A/ZAdU=",
			"requires": {
				"readable-stream": "^2.3.5",
				"safe-buffer": "^5.1.1"
			}
		},
		"bson": {
			"version": "1.1.5",
			"resolved": "https://registry.npm.taobao.org/bson/download/bson-1.1.5.tgz?cache=0&sync_timestamp=1606858895039&other_urls=https%3A%2F%2Fregistry.npm.taobao.org%2Fbson%2Fdownload%2Fbson-1.1.5.tgz",
			"integrity": "sha1-Kqrpj832dQwISLDLod3sPHMGCjQ="
		},
		"buffer-from": {
			"version": "1.1.1",
			"resolved": "https://registry.npm.taobao.org/buffer-from/download/buffer-from-1.1.1.tgz",
			"integrity": "sha1-MnE7wCj3XAL9txDXx7zsHyxgcO8=",
			"dev": true
		},
		"class-validator": {
			"version": "0.13.1",
			"resolved": "https://registry.npm.taobao.org/class-validator/download/class-validator-0.13.1.tgz",
			"integrity": "sha1-OBsgAe5rngWv0TNnH733YNp97Gc=",
			"requires": {
				"@types/validator": "^13.1.3",
				"libphonenumber-js": "^1.9.7",
				"validator": "^13.5.2"
			}
		},
		"cluster-key-slot": {
			"version": "1.1.0",
			"resolved": "https://registry.npm.taobao.org/cluster-key-slot/download/cluster-key-slot-1.1.0.tgz",
			"integrity": "sha1-MEdLKpgfsSFyaVgzBSvA0BM20Q0="
		},
		"core-util-is": {
			"version": "1.0.2",
			"resolved": "https://registry.npm.taobao.org/core-util-is/download/core-util-is-1.0.2.tgz",
			"integrity": "sha1-tf1UIgqivFq1eqtxQMlAdUUDwac="
		},
		"create-require": {
			"version": "1.1.1",
			"resolved": "https://registry.npm.taobao.org/create-require/download/create-require-1.1.1.tgz",
			"integrity": "sha1-wdfo8eX2z8n/ZfnNNS03NIdWwzM=",
			"dev": true
		},
		"debug": {
			"version": "4.3.1",
			"resolved": "https://registry.npm.taobao.org/debug/download/debug-4.3.1.tgz?cache=0&sync_timestamp=1607566580543&other_urls=https%3A%2F%2Fregistry.npm.taobao.org%2Fdebug%2Fdownload%2Fdebug-4.3.1.tgz",
			"integrity": "sha1-8NIpxQXgxtjEmsVT0bE9wYP2su4=",
			"requires": {
				"ms": "2.1.2"
			}
		},
		"denque": {
			"version": "1.5.0",
			"resolved": "https://registry.npm.taobao.org/denque/download/denque-1.5.0.tgz?cache=0&sync_timestamp=1609779969821&other_urls=https%3A%2F%2Fregistry.npm.taobao.org%2Fdenque%2Fdownload%2Fdenque-1.5.0.tgz",
			"integrity": "sha1-dz3gaG/y2Owv+SkUMWpHtzscc94="
		},
		"diff": {
			"version": "4.0.2",
			"resolved": "https://registry.npm.taobao.org/diff/download/diff-4.0.2.tgz",
			"integrity": "sha1-YPOuy4nV+uUgwRqhnvwruYKq3n0=",
			"dev": true
		},
		"inherits": {
			"version": "2.0.4",
			"resolved": "https://registry.npm.taobao.org/inherits/download/inherits-2.0.4.tgz",
			"integrity": "sha1-D6LGT5MpF8NDOg3tVTY6rjdBa3w="
		},
		"ioredis": {
			"version": "4.22.0",
			"resolved": "https://registry.npm.taobao.org/ioredis/download/ioredis-4.22.0.tgz?cache=0&sync_timestamp=1612596205559&other_urls=https%3A%2F%2Fregistry.npm.taobao.org%2Fioredis%2Fdownload%2Fioredis-4.22.0.tgz",
			"integrity": "sha1-ouGKKTAP+3WWcNftcCP89lkgMaI=",
			"requires": {
				"cluster-key-slot": "^1.1.0",
				"debug": "^4.1.1",
				"denque": "^1.1.0",
				"lodash.defaults": "^4.2.0",
				"lodash.flatten": "^4.4.0",
				"p-map": "^2.1.0",
				"redis-commands": "1.7.0",
				"redis-errors": "^1.2.0",
				"redis-parser": "^3.0.0",
				"standard-as-callback": "^2.0.1"
			}
		},
		"isarray": {
			"version": "1.0.0",
			"resolved": "https://registry.npm.taobao.org/isarray/download/isarray-1.0.0.tgz",
			"integrity": "sha1-u5NdSFgsuhaMBoNJV6VKPgcSTxE="
		},
		"libphonenumber-js": {
			"version": "1.9.11",
			"resolved": "https://registry.npm.taobao.org/libphonenumber-js/download/libphonenumber-js-1.9.11.tgz",
			"integrity": "sha1-1+Dz2WfQN22cViTjvgB8cNDWFGo="
		},
		"lodash.defaults": {
			"version": "4.2.0",
			"resolved": "https://registry.npm.taobao.org/lodash.defaults/download/lodash.defaults-4.2.0.tgz",
			"integrity": "sha1-0JF4cW/+pN3p5ft7N/bwgCJ0WAw="
		},
		"lodash.flatten": {
			"version": "4.4.0",
			"resolved": "https://registry.npm.taobao.org/lodash.flatten/download/lodash.flatten-4.4.0.tgz",
			"integrity": "sha1-8xwiIlqWMtK7+OSt2+8kCqdlph8="
		},
		"make-error": {
			"version": "1.3.6",
			"resolved": "https://registry.npm.taobao.org/make-error/download/make-error-1.3.6.tgz",
			"integrity": "sha1-LrLjfqm2fEiR9oShOUeZr0hM96I=",
			"dev": true
		},
		"memory-pager": {
			"version": "1.5.0",
			"resolved": "https://registry.npm.taobao.org/memory-pager/download/memory-pager-1.5.0.tgz",
			"integrity": "sha1-2HUWVdItOEaCdByXLyw9bfo+ZrU=",
			"optional": true
		},
		"moment": {
			"version": "2.29.1",
			"resolved": "https://registry.npm.taobao.org/moment/download/moment-2.29.1.tgz?cache=0&sync_timestamp=1601983320283&other_urls=https%3A%2F%2Fregistry.npm.taobao.org%2Fmoment%2Fdownload%2Fmoment-2.29.1.tgz",
			"integrity": "sha1-sr52n6MZQL6e7qZGnAdeNQBvo9M="
		},
		"mongodb": {
			"version": "3.6.3",
			"resolved": "https://registry.npm.taobao.org/mongodb/download/mongodb-3.6.3.tgz",
			"integrity": "sha1-7drtDMNZhHTXoV8PKlsEhISJ/QU=",
			"requires": {
				"bl": "^2.2.1",
				"bson": "^1.1.4",
				"denque": "^1.4.1",
				"require_optional": "^1.0.1",
				"safe-buffer": "^5.1.2",
				"saslprep": "^1.0.0"
			}
		},
		"ms": {
			"version": "2.1.2",
			"resolved": "https://registry.npm.taobao.org/ms/download/ms-2.1.2.tgz?cache=0&sync_timestamp=1607433905701&other_urls=https%3A%2F%2Fregistry.npm.taobao.org%2Fms%2Fdownload%2Fms-2.1.2.tgz",
			"integrity": "sha1-0J0fNXtEP0kzgqjrPM0YOHKuYAk="
		},
		"p-map": {
			"version": "2.1.0",
			"resolved": "https://registry.npm.taobao.org/p-map/download/p-map-2.1.0.tgz",
			"integrity": "sha1-MQko/u+cnsxltosXaTAYpmXOoXU="
		},
		"process-nextick-args": {
			"version": "2.0.1",
			"resolved": "https://registry.npm.taobao.org/process-nextick-args/download/process-nextick-args-2.0.1.tgz",
			"integrity": "sha1-eCDZsWEgzFXKmud5JoCufbptf+I="
		},
		"readable-stream": {
			"version": "2.3.7",
			"resolved": "https://registry.npm.taobao.org/readable-stream/download/readable-stream-2.3.7.tgz",
			"integrity": "sha1-Hsoc9xGu+BTAT2IlKjamL2yyO1c=",
			"requires": {
				"core-util-is": "~1.0.0",
				"inherits": "~2.0.3",
				"isarray": "~1.0.0",
				"process-nextick-args": "~2.0.0",
				"safe-buffer": "~5.1.1",
				"string_decoder": "~1.1.1",
				"util-deprecate": "~1.0.1"
			},
			"dependencies": {
				"safe-buffer": {
					"version": "5.1.2",
					"resolved": "https://registry.npm.taobao.org/safe-buffer/download/safe-buffer-5.1.2.tgz",
					"integrity": "sha1-mR7GnSluAxN0fVm9/St0XDX4go0="
				}
			}
		},
		"redis-commands": {
			"version": "1.7.0",
			"resolved": "https://registry.npm.taobao.org/redis-commands/download/redis-commands-1.7.0.tgz?cache=0&sync_timestamp=1612586456630&other_urls=https%3A%2F%2Fregistry.npm.taobao.org%2Fredis-commands%2Fdownload%2Fredis-commands-1.7.0.tgz",
			"integrity": "sha1-Fab+otWCgeJ7HNGs+0spPieMOok="
		},
		"redis-errors": {
			"version": "1.2.0",
			"resolved": "https://registry.npm.taobao.org/redis-errors/download/redis-errors-1.2.0.tgz",
			"integrity": "sha1-62LSrbFeTq9GEMBK/hUpOEJQq60="
		},
		"redis-parser": {
			"version": "3.0.0",
			"resolved": "https://registry.npm.taobao.org/redis-parser/download/redis-parser-3.0.0.tgz",
			"integrity": "sha1-tm2CjNyv5rS4pCin3vTGvKwxyLQ=",
			"requires": {
				"redis-errors": "^1.0.0"
			}
		},
		"reflect-metadata": {
			"version": "0.1.13",
			"resolved": "https://registry.npm.taobao.org/reflect-metadata/download/reflect-metadata-0.1.13.tgz",
			"integrity": "sha1-Z648pXyXKiqhZCsQ/jY/4y1J3Ag="
		},
		"require_optional": {
			"version": "1.0.1",
			"resolved": "https://registry.npm.taobao.org/require_optional/download/require_optional-1.0.1.tgz",
			"integrity": "sha1-TPNaQkf2TKPfjC7yCMxJSxyo/C4=",
			"requires": {
				"resolve-from": "^2.0.0",
				"semver": "^5.1.0"
			}
		},
		"resolve-from": {
			"version": "2.0.0",
			"resolved": "https://registry.npm.taobao.org/resolve-from/download/resolve-from-2.0.0.tgz",
			"integrity": "sha1-lICrIOlP+h2egKgEx+oUdhGWa1c="
		},
		"safe-buffer": {
			"version": "5.2.1",
			"resolved": "https://registry.npm.taobao.org/safe-buffer/download/safe-buffer-5.2.1.tgz",
			"integrity": "sha1-Hq+fqb2x/dTsdfWPnNtOa3gn7sY="
		},
		"saslprep": {
			"version": "1.0.3",
			"resolved": "https://registry.npm.taobao.org/saslprep/download/saslprep-1.0.3.tgz",
			"integrity": "sha1-TAL5RrVs9UKX40e6EJPnrKxM8iY=",
			"optional": true,
			"requires": {
				"sparse-bitfield": "^3.0.3"
			}
		},
		"semver": {
			"version": "5.7.1",
			"resolved": "https://registry.npm.taobao.org/semver/download/semver-5.7.1.tgz?cache=0&sync_timestamp=1606853731020&other_urls=https%3A%2F%2Fregistry.npm.taobao.org%2Fsemver%2Fdownload%2Fsemver-5.7.1.tgz",
			"integrity": "sha1-qVT5Ma66UI0we78Gnv8MAclhFvc="
		},
		"source-map": {
			"version": "0.6.1",
			"resolved": "https://registry.npm.taobao.org/source-map/download/source-map-0.6.1.tgz",
			"integrity": "sha1-dHIq8y6WFOnCh6jQu95IteLxomM=",
			"dev": true
		},
		"source-map-support": {
			"version": "0.5.19",
			"resolved": "https://registry.npm.taobao.org/source-map-support/download/source-map-support-0.5.19.tgz",
			"integrity": "sha1-qYti+G3K9PZzmWSMCFKRq56P7WE=",
			"dev": true,
			"requires": {
				"buffer-from": "^1.0.0",
				"source-map": "^0.6.0"
			}
		},
		"sparse-bitfield": {
			"version": "3.0.3",
			"resolved": "https://registry.npm.taobao.org/sparse-bitfield/download/sparse-bitfield-3.0.3.tgz",
			"integrity": "sha1-/0rm5oZWBWuks+eSqzM004JzyhE=",
			"optional": true,
			"requires": {
				"memory-pager": "^1.0.2"
			}
		},
		"standard-as-callback": {
			"version": "2.0.1",
			"resolved": "https://registry.npm.taobao.org/standard-as-callback/download/standard-as-callback-2.0.1.tgz",
			"integrity": "sha1-7YuyVkjhWDF1m2Ajvbh+a2CzgSY="
		},
		"string_decoder": {
			"version": "1.1.1",
			"resolved": "https://registry.npm.taobao.org/string_decoder/download/string_decoder-1.1.1.tgz",
			"integrity": "sha1-nPFhG6YmhdcDCunkujQUnDrwP8g=",
			"requires": {
				"safe-buffer": "~5.1.0"
			},
			"dependencies": {
				"safe-buffer": {
					"version": "5.1.2",
					"resolved": "https://registry.npm.taobao.org/safe-buffer/download/safe-buffer-5.1.2.tgz",
					"integrity": "sha1-mR7GnSluAxN0fVm9/St0XDX4go0="
				}
			}
		},
		"ts-node": {
			"version": "9.1.1",
			"resolved": "https://registry.npm.taobao.org/ts-node/download/ts-node-9.1.1.tgz?cache=0&sync_timestamp=1607350875996&other_urls=https%3A%2F%2Fregistry.npm.taobao.org%2Fts-node%2Fdownload%2Fts-node-9.1.1.tgz",
			"integrity": "sha1-UamkUKPpWUAb2l8ASnLVS5NtN20=",
			"dev": true,
			"requires": {
				"arg": "^4.1.0",
				"create-require": "^1.1.0",
				"diff": "^4.0.1",
				"make-error": "^1.1.1",
				"source-map-support": "^0.5.17",
				"yn": "3.1.1"
			}
		},
		"typedi": {
			"version": "0.8.0",
			"resolved": "https://registry.npm.taobao.org/typedi/download/typedi-0.8.0.tgz",
			"integrity": "sha1-2OIDvR1BqW4rClxilRR9dLKy0D4="
		},
		"typescript": {
			"version": "4.1.5",
			"resolved": "https://registry.npm.taobao.org/typescript/download/typescript-4.1.5.tgz?cache=0&sync_timestamp=1612990460477&other_urls=https%3A%2F%2Fregistry.npm.taobao.org%2Ftypescript%2Fdownload%2Ftypescript-4.1.5.tgz",
			"integrity": "sha1-Ejo7IUqv874ykm8Njx9ucE64mnI=",
			"dev": true
		},
		"util-deprecate": {
			"version": "1.0.2",
			"resolved": "https://registry.npm.taobao.org/util-deprecate/download/util-deprecate-1.0.2.tgz",
			"integrity": "sha1-RQ1Nyfpw3nMnYvvS1KKJgUGaDM8="
		},
		"validator": {
			"version": "13.5.2",
			"resolved": "https://registry.npm.taobao.org/validator/download/validator-13.5.2.tgz?cache=0&sync_timestamp=1607605039381&other_urls=https%3A%2F%2Fregistry.npm.taobao.org%2Fvalidator%2Fdownload%2Fvalidator-13.5.2.tgz",
			"integrity": "sha1-yXrmPtQiSZn7b0LJHqypVn/mmkY="
		},
		"yn": {
			"version": "3.1.1",
			"resolved": "https://registry.npm.taobao.org/yn/download/yn-3.1.1.tgz",
			"integrity": "sha1-HodAGgnXZ8HV6rJqbkwYUYLS61A=",
			"dev": true
		}
	}
}